
Microsoft Visual Studio Solution File, Format Version 12.00
# Visual Studio Version 17
VisualStudioVersion = 17.7.34024.191
MinimumVisualStudioVersion = 10.0.40219.1
Project("{FAE04EC0-301F-11D3-BF4B-00C04F79EFBC}") = "ConfigurationManager", "laba 8\ConfigurationManager.csproj", "{2D89EDAF-A8E4-434D-90E4-1BB3074E1DBC}"
EndProject
Project("{FAE04EC0-301F-11D3-BF4B-00C04F79EFBC}") = "GraphFactory", "ConsoleApp1\GraphFactory.csproj", "{2C1871AB-AE18-40F1-B143-2D3722C2E26A}"
EndProject
Project("{FAE04EC0-301F-11D3-BF4B-00C04F79EFBC}") = "task 3", "ConsoleApp2\task 3.csproj", "{9F35D530-2C03-44D5-B7A6-B32E2BD5219C}"
EndProject
Project("{FAE04EC0-301F-11D3-BF4B-00C04F79EFBC}") = "task 4", "ConsoleApp3\task 4.csproj", "{CD3535B8-7FED-4169-88BA-2CA80EDC3391}"
EndProject
Global
	GlobalSection(SolutionConfigurationPlatforms) = preSolution
		Debug|Any CPU = Debug|Any CPU
		Release|Any CPU = Release|Any CPU
	EndGlobalSection
	GlobalSection(ProjectConfigurationPlatforms) = postSolution
		{2D89EDAF-A8E4-434D-90E4-1BB3074E1DBC}.Debug|Any CPU.ActiveCfg = Debug|Any CPU
		{2D89EDAF-A8E4-434D-90E4-1BB3074E1DBC}.Debug|Any CPU.Build.0 = Debug|Any CPU
		{2D89EDAF-A8E4-434D-90E4-1BB3074E1DBC}.Release|Any CPU.ActiveCfg = Release|Any CPU
		{2D89EDAF-A8E4-434D-90E4-1BB3074E1DBC}.Release|Any CPU.Build.0 = Release|Any CPU
		{2C1871AB-AE18-40F1-B143-2D3722C2E26A}.Debug|Any CPU.ActiveCfg = Debug|Any CPU
		{2C1871AB-AE18-40F1-B143-2D3722C2E26A}.Debug|Any CPU.Build.0 = Debug|Any CPU
		{2C1871AB-AE18-40F1-B143-2D3722C2E26A}.Release|Any CPU.ActiveCfg = Release|Any CPU
		{2C1871AB-AE18-40F1-B143-2D3722C2E26A}.Release|Any CPU.Build.0 = Release|Any CPU
		{9F35D530-2C03-44D5-B7A6-B32E2BD5219C}.Debug|Any CPU.ActiveCfg = Debug|Any CPU
		{9F35D530-2C03-44D5-B7A6-B32E2BD5219C}.Debug|Any CPU.Build.0 = Debug|Any CPU
		{9F35D530-2C03-44D5-B7A6-B32E2BD5219C}.Release|Any CPU.ActiveCfg = Release|Any CPU
		{9F35D530-2C03-44D5-B7A6-B32E2BD5219C}.Release|Any CPU.Build.0 = Release|Any CPU
		{CD3535B8-7FED-4169-88BA-2CA80EDC3391}.Debug|Any CPU.ActiveCfg = Debug|Any CPU
		{CD3535B8-7FED-4169-88BA-2CA80EDC3391}.Debug|Any CPU.Build.0 = Debug|Any CPU
		{CD3535B8-7FED-4169-88BA-2CA80EDC3391}.Release|Any CPU.ActiveCfg = Release|Any CPU
		{CD3535B8-7FED-4169-88BA-2CA80EDC3391}.Release|Any CPU.Build.0 = Release|Any CPU
	EndGlobalSection
	GlobalSection(SolutionProperties) = preSolution
		HideSolutionNode = FALSE
	EndGlobalSection
	GlobalSection(ExtensibilityGlobals) = postSolution
		SolutionGuid = {D9728736-76B3-43B2-9F70-33799EAEBC5B}
	EndGlobalSection
EndGlobal
